
Microsoft Visual Studio Solution File, Format Version 12.00
# Visual Studio 15
VisualStudioVersion = 15.0.27703.2047
MinimumVisualStudioVersion = 10.0.40219.1
Project("{FAE04EC0-301F-11D3-BF4B-00C04F79EFBC}") = "WebAPIPGP", "WebAPIServiceTemplate1\WebAPIPGP.csproj", "{2174FDF7-F61E-4183-B5AB-F0F9675F15D2}"
EndProject
Global
	GlobalSection(SolutionConfigurationPlatforms) = preSolution
		Debug|Any CPU = Debug|Any CPU
		Release|Any CPU = Release|Any CPU
	EndGlobalSection
	GlobalSection(ProjectConfigurationPlatforms) = postSolution
		{2174FDF7-F61E-4183-B5AB-F0F9675F15D2}.Debug|Any CPU.ActiveCfg = Debug|Any CPU
		{2174FDF7-F61E-4183-B5AB-F0F9675F15D2}.Debug|Any CPU.Build.0 = Debug|Any CPU
		{2174FDF7-F61E-4183-B5AB-F0F9675F15D2}.Release|Any CPU.ActiveCfg = Release|Any CPU
		{2174FDF7-F61E-4183-B5AB-F0F9675F15D2}.Release|Any CPU.Build.0 = Release|Any CPU
	EndGlobalSection
	GlobalSection(SolutionProperties) = preSolution
		HideSolutionNode = FALSE
	EndGlobalSection
	GlobalSection(ExtensibilityGlobals) = postSolution
		SolutionGuid = {356209C3-6C93-4084-81DE-BA18B4EF3736}
	EndGlobalSection
EndGlobal
